// !$*UTF8*$!
{
	archiveVersion = 1;
	classes = {
	};
	objectVersion = 56;
	objects = {

/* Begin PBXBuildFile section */
		3AA8400C2B4D4BDA002901EC /* AppDelegate.swift in Sources */ = {isa = PBXBuildFile; fileRef = 3AA8400B2B4D4BDA002901EC /* AppDelegate.swift */; };
		3AA8400E2B4D4BDA002901EC /* SceneDelegate.swift in Sources */ = {isa = PBXBuildFile; fileRef = 3AA8400D2B4D4BDA002901EC /* SceneDelegate.swift */; };
		3AA840102B4D4BDA002901EC /* ViewController.swift in Sources */ = {isa = PBXBuildFile; fileRef = 3AA8400F2B4D4BDA002901EC /* ViewController.swift */; };
		3AA840132B4D4BDA002901EC /* Main.storyboard in Resources */ = {isa = PBXBuildFile; fileRef = 3AA840112B4D4BDA002901EC /* Main.storyboard */; };
		3AA840152B4D4BDC002901EC /* Assets.xcassets in Resources */ = {isa = PBXBuildFile; fileRef = 3AA840142B4D4BDC002901EC /* Assets.xcassets */; };
		3AA840182B4D4BDC002901EC /* LaunchScreen.storyboard in Resources */ = {isa = PBXBuildFile; fileRef = 3AA840162B4D4BDC002901EC /* LaunchScreen.storyboard */; };
		3AA840262B4D4C79002901EC /* WidgetKit.framework in Frameworks */ = {isa = PBXBuildFile; fileRef = 3AA840252B4D4C79002901EC /* WidgetKit.framework */; };
		3AA840282B4D4C79002901EC /* SwiftUI.framework in Frameworks */ = {isa = PBXBuildFile; fileRef = 3AA840272B4D4C79002901EC /* SwiftUI.framework */; };
		3AA8402B2B4D4C79002901EC /* WidgetBugSampleExtensionBundle.swift in Sources */ = {isa = PBXBuildFile; fileRef = 3AA8402A2B4D4C79002901EC /* WidgetBugSampleExtensionBundle.swift */; };
		3AA8402D2B4D4C79002901EC /* WidgetBugSampleExtensionLiveActivity.swift in Sources */ = {isa = PBXBuildFile; fileRef = 3AA8402C2B4D4C79002901EC /* WidgetBugSampleExtensionLiveActivity.swift */; };
		3AA8402F2B4D4C79002901EC /* WidgetBugSampleExtension.swift in Sources */ = {isa = PBXBuildFile; fileRef = 3AA8402E2B4D4C79002901EC /* WidgetBugSampleExtension.swift */; };
		3AA840312B4D4C79002901EC /* AppIntent.swift in Sources */ = {isa = PBXBuildFile; fileRef = 3AA840302B4D4C79002901EC /* AppIntent.swift */; };
		3AA840332B4D4C7C002901EC /* Assets.xcassets in Resources */ = {isa = PBXBuildFile; fileRef = 3AA840322B4D4C7C002901EC /* Assets.xcassets */; };
		3AA840372B4D4C7C002901EC /* WidgetBugSampleExtensionExtension.appex in Embed Foundation Extensions */ = {isa = PBXBuildFile; fileRef = 3AA840232B4D4C79002901EC /* WidgetBugSampleExtensionExtension.appex */; settings = {ATTRIBUTES = (RemoveHeadersOnCopy, ); }; };
/* End PBXBuildFile section */

/* Begin PBXContainerItemProxy section */
		3AA840352B4D4C7C002901EC /* PBXContainerItemProxy */ = {
			isa = PBXContainerItemProxy;
			containerPortal = 3AA840002B4D4BDA002901EC /* Project object */;
			proxyType = 1;
			remoteGlobalIDString = 3AA840222B4D4C79002901EC;
			remoteInfo = WidgetBugSampleExtensionExtension;
		};
/* End PBXContainerItemProxy section */

/* Begin PBXCopyFilesBuildPhase section */
		3AA8403B2B4D4C7C002901EC /* Embed Foundation Extensions */ = {
			isa = PBXCopyFilesBuildPhase;
			buildActionMask = 2147483647;
			dstPath = "";
			dstSubfolderSpec = 13;
			files = (
				3AA840372B4D4C7C002901EC /* WidgetBugSampleExtensionExtension.appex in Embed Foundation Extensions */,
			);
			name = "Embed Foundation Extensions";
			runOnlyForDeploymentPostprocessing = 0;
		};
/* End PBXCopyFilesBuildPhase section */

/* Begin PBXFileReference section */
		3AA840082B4D4BDA002901EC /* WidgetBugSample.app */ = {isa = PBXFileReference; explicitFileType = wrapper.application; includeInIndex = 0; path = WidgetBugSample.app; sourceTree = BUILT_PRODUCTS_DIR; };
		3AA8400B2B4D4BDA002901EC /* AppDelegate.swift */ = {isa = PBXFileReference; lastKnownFileType = sourcecode.swift; path = AppDelegate.swift; sourceTree = "<group>"; };
		3AA8400D2B4D4BDA002901EC /* SceneDelegate.swift */ = {isa = PBXFileReference; lastKnownFileType = sourcecode.swift; path = SceneDelegate.swift; sourceTree = "<group>"; };
		3AA8400F2B4D4BDA002901EC /* ViewController.swift */ = {isa = PBXFileReference; lastKnownFileType = sourcecode.swift; path = ViewController.swift; sourceTree = "<group>"; };
		3AA840122B4D4BDA002901EC /* Base */ = {isa = PBXFileReference; lastKnownFileType = file.storyboard; name = Base; path = Base.lproj/Main.storyboard; sourceTree = "<group>"; };
		3AA840142B4D4BDC002901EC /* Assets.xcassets */ = {isa = PBXFileReference; lastKnownFileType = folder.assetcatalog; path = Assets.xcassets; sourceTree = "<group>"; };
		3AA840172B4D4BDC002901EC /* Base */ = {isa = PBXFileReference; lastKnownFileType = file.storyboard; name = Base; path = Base.lproj/LaunchScreen.storyboard; sourceTree = "<group>"; };
		3AA840192B4D4BDC002901EC /* Info.plist */ = {isa = PBXFileReference; lastKnownFileType = text.plist.xml; path = Info.plist; sourceTree = "<group>"; };
		3AA840232B4D4C79002901EC /* WidgetBugSampleExtensionExtension.appex */ = {isa = PBXFileReference; explicitFileType = "wrapper.app-extension"; includeInIndex = 0; path = WidgetBugSampleExtensionExtension.appex; sourceTree = BUILT_PRODUCTS_DIR; };
		3AA840252B4D4C79002901EC /* WidgetKit.framework */ = {isa = PBXFileReference; lastKnownFileType = wrapper.framework; name = WidgetKit.framework; path = System/Library/Frameworks/WidgetKit.framework; sourceTree = SDKROOT; };
		3AA840272B4D4C79002901EC /* SwiftUI.framework */ = {isa = PBXFileReference; lastKnownFileType = wrapper.framework; name = SwiftUI.framework; path = System/Library/Frameworks/SwiftUI.framework; sourceTree = SDKROOT; };
		3AA8402A2B4D4C79002901EC /* WidgetBugSampleExtensionBundle.swift */ = {isa = PBXFileReference; lastKnownFileType = sourcecode.swift; path = WidgetBugSampleExtensionBundle.swift; sourceTree = "<group>"; };
		3AA8402C2B4D4C79002901EC /* WidgetBugSampleExtensionLiveActivity.swift */ = {isa = PBXFileReference; lastKnownFileType = sourcecode.swift; path = WidgetBugSampleExtensionLiveActivity.swift; sourceTree = "<group>"; };
		3AA8402E2B4D4C79002901EC /* WidgetBugSampleExtension.swift */ = {isa = PBXFileReference; lastKnownFileType = sourcecode.swift; path = WidgetBugSampleExtension.swift; sourceTree = "<group>"; };
		3AA840302B4D4C79002901EC /* AppIntent.swift */ = {isa = PBXFileReference; lastKnownFileType = sourcecode.swift; path = AppIntent.swift; sourceTree = "<group>"; };
		3AA840322B4D4C7C002901EC /* Assets.xcassets */ = {isa = PBXFileReference; lastKnownFileType = folder.assetcatalog; path = Assets.xcassets; sourceTree = "<group>"; };
		3AA840342B4D4C7C002901EC /* Info.plist */ = {isa = PBXFileReference; lastKnownFileType = text.plist.xml; path = Info.plist; sourceTree = "<group>"; };
/* End PBXFileReference section */

/* Begin PBXFrameworksBuildPhase section */
		3AA840052B4D4BDA002901EC /* Frameworks */ = {
			isa = PBXFrameworksBuildPhase;
			buildActionMask = 2147483647;
			files = (
			);
			runOnlyForDeploymentPostprocessing = 0;
		};
		3AA840202B4D4C79002901EC /* Frameworks */ = {
			isa = PBXFrameworksBuildPhase;
			buildActionMask = 2147483647;
			files = (
				3AA840282B4D4C79002901EC /* SwiftUI.framework in Frameworks */,
				3AA840262B4D4C79002901EC /* WidgetKit.framework in Frameworks */,
			);
			runOnlyForDeploymentPostprocessing = 0;
		};
/* End PBXFrameworksBuildPhase section */

/* Begin PBXGroup section */
		3AA83FFF2B4D4BDA002901EC = {
			isa = PBXGroup;
			children = (
				3AA8400A2B4D4BDA002901EC /* WidgetBugSample */,
				3AA840292B4D4C79002901EC /* WidgetBugSampleExtension */,
				3AA840242B4D4C79002901EC /* Frameworks */,
				3AA840092B4D4BDA002901EC /* Products */,
			);
			sourceTree = "<group>";
		};
		3AA840092B4D4BDA002901EC /* Products */ = {
			isa = PBXGroup;
			children = (
				3AA840082B4D4BDA002901EC /* WidgetBugSample.app */,
				3AA840232B4D4C79002901EC /* WidgetBugSampleExtensionExtension.appex */,
			);
			name = Products;
			sourceTree = "<group>";
		};
		3AA8400A2B4D4BDA002901EC /* WidgetBugSample */ = {
			isa = PBXGroup;
			children = (
				3AA8400B2B4D4BDA002901EC /* AppDelegate.swift */,
				3AA8400D2B4D4BDA002901EC /* SceneDelegate.swift */,
				3AA8400F2B4D4BDA002901EC /* ViewController.swift */,
				3AA840112B4D4BDA002901EC /* Main.storyboard */,
				3AA840142B4D4BDC002901EC /* Assets.xcassets */,
				3AA840162B4D4BDC002901EC /* LaunchScreen.storyboard */,
				3AA840192B4D4BDC002901EC /* Info.plist */,
			);
			path = WidgetBugSample;
			sourceTree = "<group>";
		};
		3AA840242B4D4C79002901EC /* Frameworks */ = {
			isa = PBXGroup;
			children = (
				3AA840252B4D4C79002901EC /* WidgetKit.framework */,
				3AA840272B4D4C79002901EC /* SwiftUI.framework */,
			);
			name = Frameworks;
			sourceTree = "<group>";
		};
		3AA840292B4D4C79002901EC /* WidgetBugSampleExtension */ = {
			isa = PBXGroup;
			children = (
				3AA8402A2B4D4C79002901EC /* WidgetBugSampleExtensionBundle.swift */,
				3AA8402C2B4D4C79002901EC /* WidgetBugSampleExtensionLiveActivity.swift */,
				3AA8402E2B4D4C79002901EC /* WidgetBugSampleExtension.swift */,
				3AA840302B4D4C79002901EC /* AppIntent.swift */,
				3AA840322B4D4C7C002901EC /* Assets.xcassets */,
				3AA840342B4D4C7C002901EC /* Info.plist */,
			);
			path = WidgetBugSampleExtension;
			sourceTree = "<group>";
		};
/* End PBXGroup section */

/* Begin PBXNativeTarget section */
		3AA840072B4D4BDA002901EC /* WidgetBugSample */ = {
			isa = PBXNativeTarget;
			buildConfigurationList = 3AA8401C2B4D4BDC002901EC /* Build configuration list for PBXNativeTarget "WidgetBugSample" */;
			buildPhases = (
				3AA840042B4D4BDA002901EC /* Sources */,
				3AA840052B4D4BDA002901EC /* Frameworks */,
				3AA840062B4D4BDA002901EC /* Resources */,
				3AA8403B2B4D4C7C002901EC /* Embed Foundation Extensions */,
			);
			buildRules = (
			);
			dependencies = (
				3AA840362B4D4C7C002901EC /* PBXTargetDependency */,
			);
			name = WidgetBugSample;
			productName = WidgetBugSample;
			productReference = 3AA840082B4D4BDA002901EC /* WidgetBugSample.app */;
			productType = "com.apple.product-type.application";
		};
		3AA840222B4D4C79002901EC /* WidgetBugSampleExtensionExtension */ = {
			isa = PBXNativeTarget;
			buildConfigurationList = 3AA840382B4D4C7C002901EC /* Build configuration list for PBXNativeTarget "WidgetBugSampleExtensionExtension" */;
			buildPhases = (
				3AA8401F2B4D4C79002901EC /* Sources */,
				3AA840202B4D4C79002901EC /* Frameworks */,
				3AA840212B4D4C79002901EC /* Resources */,
			);
			buildRules = (
			);
			dependencies = (
			);
			name = WidgetBugSampleExtensionExtension;
			productName = WidgetBugSampleExtensionExtension;
			productReference = 3AA840232B4D4C79002901EC /* WidgetBugSampleExtensionExtension.appex */;
			productType = "com.apple.product-type.app-extension";
		};
/* End PBXNativeTarget section */

/* Begin PBXProject section */
		3AA840002B4D4BDA002901EC /* Project object */ = {
			isa = PBXProject;
			attributes = {
				BuildIndependentTargetsInParallel = 1;
				LastSwiftUpdateCheck = 1510;
				LastUpgradeCheck = 1510;
				TargetAttributes = {
					3AA840072B4D4BDA002901EC = {
						CreatedOnToolsVersion = 15.1;
					};
					3AA840222B4D4C79002901EC = {
						CreatedOnToolsVersion = 15.1;
					};
				};
			};
			buildConfigurationList = 3AA840032B4D4BDA002901EC /* Build configuration list for PBXProject "WidgetBugSample" */;
			compatibilityVersion = "Xcode 14.0";
			developmentRegion = en;
			hasScannedForEncodings = 0;
			knownRegions = (
				en,
				Base,
			);
			mainGroup = 3AA83FFF2B4D4BDA002901EC;
			productRefGroup = 3AA840092B4D4BDA002901EC /* Products */;
			projectDirPath = "";
			projectRoot = "";
			targets = (
				3AA840072B4D4BDA002901EC /* WidgetBugSample */,
				3AA840222B4D4C79002901EC /* WidgetBugSampleExtensionExtension */,
			);
		};
/* End PBXProject section */

/* Begin PBXResourcesBuildPhase section */
		3AA840062B4D4BDA002901EC /* Resources */ = {
			isa = PBXResourcesBuildPhase;
			buildActionMask = 2147483647;
			files = (
				3AA840182B4D4BDC002901EC /* LaunchScreen.storyboard in Resources */,
				3AA840152B4D4BDC002901EC /* Assets.xcassets in Resources */,
				3AA840132B4D4BDA002901EC /* Main.storyboard in Resources */,
			);
			runOnlyForDeploymentPostprocessing = 0;
		};
		3AA840212B4D4C79002901EC /* Resources */ = {
			isa = PBXResourcesBuildPhase;
			buildActionMask = 2147483647;
			files = (
				3AA840332B4D4C7C002901EC /* Assets.xcassets in Resources */,
			);
			runOnlyForDeploymentPostprocessing = 0;
		};
/* End PBXResourcesBuildPhase section */

/* Begin PBXSourcesBuildPhase section */
		3AA840042B4D4BDA002901EC /* Sources */ = {
			isa = PBXSourcesBuildPhase;
			buildActionMask = 2147483647;
			files = (
				3AA840102B4D4BDA002901EC /* ViewController.swift in Sources */,
				3AA8400C2B4D4BDA002901EC /* AppDelegate.swift in Sources */,
				3AA8400E2B4D4BDA002901EC /* SceneDelegate.swift in Sources */,
			);
			runOnlyForDeploymentPostprocessing = 0;
		};
		3AA8401F2B4D4C79002901EC /* Sources */ = {
			isa = PBXSourcesBuildPhase;
			buildActionMask = 2147483647;
			files = (
				3AA8402B2B4D4C79002901EC /* WidgetBugSampleExtensionBundle.swift in Sources */,
				3AA840312B4D4C79002901EC /* AppIntent.swift in Sources */,
				3AA8402F2B4D4C79002901EC /* WidgetBugSampleExtension.swift in Sources */,
				3AA8402D2B4D4C79002901EC /* WidgetBugSampleExtensionLiveActivity.swift in Sources */,
			);
			runOnlyForDeploymentPostprocessing = 0;
		};
/* End PBXSourcesBuildPhase section */

/* Begin PBXTargetDependency section */
		3AA840362B4D4C7C002901EC /* PBXTargetDependency */ = {
			isa = PBXTargetDependency;
			target = 3AA840222B4D4C79002901EC /* WidgetBugSampleExtensionExtension */;
			targetProxy = 3AA840352B4D4C7C002901EC /* PBXContainerItemProxy */;
		};
/* End PBXTargetDependency section */

/* Begin PBXVariantGroup section */
		3AA840112B4D4BDA002901EC /* Main.storyboard */ = {
			isa = PBXVariantGroup;
			children = (
				3AA840122B4D4BDA002901EC /* Base */,
			);
			name = Main.storyboard;
			sourceTree = "<group>";
		};
		3AA840162B4D4BDC002901EC /* LaunchScreen.storyboard */ = {
			isa = PBXVariantGroup;
			children = (
				3AA840172B4D4BDC002901EC /* Base */,
			);
			name = LaunchScreen.storyboard;
			sourceTree = "<group>";
		};
/* End PBXVariantGroup section */

/* Begin XCBuildConfiguration section */
		3AA8401A2B4D4BDC002901EC /* Debug */ = {
			isa = XCBuildConfiguration;
			buildSettings = {
				ALWAYS_SEARCH_USER_PATHS = NO;
				ASSETCATALOG_COMPILER_GENERATE_SWIFT_ASSET_SYMBOL_EXTENSIONS = YES;
				CLANG_ANALYZER_NONNULL = YES;
				CLANG_ANALYZER_NUMBER_OBJECT_CONVERSION = YES_AGGRESSIVE;
				CLANG_CXX_LANGUAGE_STANDARD = "gnu++20";
				CLANG_ENABLE_MODULES = YES;
				CLANG_ENABLE_OBJC_ARC = YES;
				CLANG_ENABLE_OBJC_WEAK = YES;
				CLANG_WARN_BLOCK_CAPTURE_AUTORELEASING = YES;
				CLANG_WARN_BOOL_CONVERSION = YES;
				CLANG_WARN_COMMA = YES;
				CLANG_WARN_CONSTANT_CONVERSION = YES;
				CLANG_WARN_DEPRECATED_OBJC_IMPLEMENTATIONS = YES;
				CLANG_WARN_DIRECT_OBJC_ISA_USAGE = YES_ERROR;
				CLANG_WARN_DOCUMENTATION_COMMENTS = YES;
				CLANG_WARN_EMPTY_BODY = YES;
				CLANG_WARN_ENUM_CONVERSION = YES;
				CLANG_WARN_INFINITE_RECURSION = YES;
				CLANG_WARN_INT_CONVERSION = YES;
				CLANG_WARN_NON_LITERAL_NULL_CONVERSION = YES;
				CLANG_WARN_OBJC_IMPLICIT_RETAIN_SELF = YES;
				CLANG_WARN_OBJC_LITERAL_CONVERSION = YES;
				CLANG_WARN_OBJC_ROOT_CLASS = YES_ERROR;
				CLANG_WARN_QUOTED_INCLUDE_IN_FRAMEWORK_HEADER = YES;
				CLANG_WARN_RANGE_LOOP_ANALYSIS = YES;
				CLANG_WARN_STRICT_PROTOTYPES = YES;
				CLANG_WARN_SUSPICIOUS_MOVE = YES;
				CLANG_WARN_UNGUARDED_AVAILABILITY = YES_AGGRESSIVE;
				CLANG_WARN_UNREACHABLE_CODE = YES;
				CLANG_WARN__DUPLICATE_METHOD_MATCH = YES;
				COPY_PHASE_STRIP = NO;
				DEBUG_INFORMATION_FORMAT = dwarf;
				ENABLE_STRICT_OBJC_MSGSEND = YES;
				ENABLE_TESTABILITY = YES;
				ENABLE_USER_SCRIPT_SANDBOXING = YES;
				GCC_C_LANGUAGE_STANDARD = gnu17;
				GCC_DYNAMIC_NO_PIC = NO;
				GCC_NO_COMMON_BLOCKS = YES;
				GCC_OPTIMIZATION_LEVEL = 0;
				GCC_PREPROCESSOR_DEFINITIONS = (
					"DEBUG=1",
					"$(inherited)",
				);
				GCC_WARN_64_TO_32_BIT_CONVERSION = YES;
				GCC_WARN_ABOUT_RETURN_TYPE = YES_ERROR;
				GCC_WARN_UNDECLARED_SELECTOR = YES;
				GCC_WARN_UNINITIALIZED_AUTOS = YES_AGGRESSIVE;
				GCC_WARN_UNUSED_FUNCTION = YES;
				GCC_WARN_UNUSED_VARIABLE = YES;
				IPHONEOS_DEPLOYMENT_TARGET = 17.2;
				LOCALIZATION_PREFERS_STRING_CATALOGS = YES;
				MTL_ENABLE_DEBUG_INFO = INCLUDE_SOURCE;
				MTL_FAST_MATH = YES;
				ONLY_ACTIVE_ARCH = YES;
				SDKROOT = iphoneos;
				SWIFT_ACTIVE_COMPILATION_CONDITIONS = "DEBUG $(inherited)";
				SWIFT_OPTIMIZATION_LEVEL = "-Onone";
			};
			name = Debug;
		};
		3AA8401B2B4D4BDC002901EC /* Release */ = {
			isa = XCBuildConfiguration;
			buildSettings = {
				ALWAYS_SEARCH_USER_PATHS = NO;
				ASSETCATALOG_COMPILER_GENERATE_SWIFT_ASSET_SYMBOL_EXTENSIONS = YES;
				CLANG_ANALYZER_NONNULL = YES;
				CLANG_ANALYZER_NUMBER_OBJECT_CONVERSION = YES_AGGRESSIVE;
				CLANG_CXX_LANGUAGE_STANDARD = "gnu++20";
				CLANG_ENABLE_MODULES = YES;
				CLANG_ENABLE_OBJC_ARC = YES;
				CLANG_ENABLE_OBJC_WEAK = YES;
				CLANG_WARN_BLOCK_CAPTURE_AUTORELEASING = YES;
				CLANG_WARN_BOOL_CONVERSION = YES;
				CLANG_WARN_COMMA = YES;
				CLANG_WARN_CONSTANT_CONVERSION = YES;
				CLANG_WARN_DEPRECATED_OBJC_IMPLEMENTATIONS = YES;
				CLANG_WARN_DIRECT_OBJC_ISA_USAGE = YES_ERROR;
				CLANG_WARN_DOCUMENTATION_COMMENTS = YES;
				CLANG_WARN_EMPTY_BODY = YES;
				CLANG_WARN_ENUM_CONVERSION = YES;
				CLANG_WARN_INFINITE_RECURSION = YES;
				CLANG_WARN_INT_CONVERSION = YES;
				CLANG_WARN_NON_LITERAL_NULL_CONVERSION = YES;
				CLANG_WARN_OBJC_IMPLICIT_RETAIN_SELF = YES;
				CLANG_WARN_OBJC_LITERAL_CONVERSION = YES;
				CLANG_WARN_OBJC_ROOT_CLASS = YES_ERROR;
				CLANG_WARN_QUOTED_INCLUDE_IN_FRAMEWORK_HEADER = YES;
				CLANG_WARN_RANGE_LOOP_ANALYSIS = YES;
				CLANG_WARN_STRICT_PROTOTYPES = YES;
				CLANG_WARN_SUSPICIOUS_MOVE = YES;
				CLANG_WARN_UNGUARDED_AVAILABILITY = YES_AGGRESSIVE;
				CLANG_WARN_UNREACHABLE_CODE = YES;
				CLANG_WARN__DUPLICATE_METHOD_MATCH = YES;
				COPY_PHASE_STRIP = NO;
				DEBUG_INFORMATION_FORMAT = "dwarf-with-dsym";
				ENABLE_NS_ASSERTIONS = NO;
				ENABLE_STRICT_OBJC_MSGSEND = YES;
				ENABLE_USER_SCRIPT_SANDBOXING = YES;
				GCC_C_LANGUAGE_STANDARD = gnu17;
				GCC_NO_COMMON_BLOCKS = YES;
				GCC_WARN_64_TO_32_BIT_CONVERSION = YES;
				GCC_WARN_ABOUT_RETURN_TYPE = YES_ERROR;
				GCC_WARN_UNDECLARED_SELECTOR = YES;
				GCC_WARN_UNINITIALIZED_AUTOS = YES_AGGRESSIVE;
				GCC_WARN_UNUSED_FUNCTION = YES;
				GCC_WARN_UNUSED_VARIABLE = YES;
				IPHONEOS_DEPLOYMENT_TARGET = 17.2;
				LOCALIZATION_PREFERS_STRING_CATALOGS = YES;
				MTL_ENABLE_DEBUG_INFO = NO;
				MTL_FAST_MATH = YES;
				SDKROOT = iphoneos;
				SWIFT_COMPILATION_MODE = wholemodule;
				VALIDATE_PRODUCT = YES;
			};
			name = Release;
		};
		3AA8401D2B4D4BDC002901EC /* Debug */ = {
			isa = XCBuildConfiguration;
			buildSettings = {
				ALWAYS_EMBED_SWIFT_STANDARD_LIBRARIES = YES;
				ASSETCATALOG_COMPILER_APPICON_NAME = AppIcon;
				ASSETCATALOG_COMPILER_GLOBAL_ACCENT_COLOR_NAME = AccentColor;
				CODE_SIGN_STYLE = Automatic;
				CURRENT_PROJECT_VERSION = 1;
				DEVELOPMENT_TEAM = URQ67JPBKK;
				GENERATE_INFOPLIST_FILE = YES;
				INFOPLIST_FILE = WidgetBugSample/Info.plist;
				INFOPLIST_KEY_UIApplicationSupportsIndirectInputEvents = YES;
				INFOPLIST_KEY_UILaunchStoryboardName = LaunchScreen;
				INFOPLIST_KEY_UIMainStoryboardFile = Main;
				INFOPLIST_KEY_UISupportedInterfaceOrientations_iPad = "UIInterfaceOrientationPortrait UIInterfaceOrientationPortraitUpsideDown UIInterfaceOrientationLandscapeLeft UIInterfaceOrientationLandscapeRight";
				INFOPLIST_KEY_UISupportedInterfaceOrientations_iPhone = "UIInterfaceOrientationPortrait UIInterfaceOrientationLandscapeLeft UIInterfaceOrientationLandscapeRight";
				IPHONEOS_DEPLOYMENT_TARGET = 17.0;
				LD_RUNPATH_SEARCH_PATHS = (
					"$(inherited)",
					"@executable_path/Frameworks",
				);
				MARKETING_VERSION = 1.0;
				PRODUCT_BUNDLE_IDENTIFIER = com.proegor.media.WidgetBugSample;
				PRODUCT_NAME = "$(TARGET_NAME)";
				SWIFT_EMIT_LOC_STRINGS = YES;
				SWIFT_VERSION = 5.0;
				TARGETED_DEVICE_FAMILY = "1,2";
			};
			name = Debug;
		};
		3AA8401E2B4D4BDC002901EC /* Release */ = {
			isa = XCBuildConfiguration;
			buildSettings = {
				ALWAYS_EMBED_SWIFT_STANDARD_LIBRARIES = YES;
				ASSETCATALOG_COMPILER_APPICON_NAME = AppIcon;
				ASSETCATALOG_COMPILER_GLOBAL_ACCENT_COLOR_NAME = AccentColor;
				CODE_SIGN_STYLE = Automatic;
				CURRENT_PROJECT_VERSION = 1;
				DEVELOPMENT_TEAM = URQ67JPBKK;
				GENERATE_INFOPLIST_FILE = YES;
				INFOPLIST_FILE = WidgetBugSample/Info.plist;
				INFOPLIST_KEY_UIApplicationSupportsIndirectInputEvents = YES;
				INFOPLIST_KEY_UILaunchStoryboardName = LaunchScreen;
				INFOPLIST_KEY_UIMainStoryboardFile = Main;
				INFOPLIST_KEY_UISupportedInterfaceOrientations_iPad = "UIInterfaceOrientationPortrait UIInterfaceOrientationPortraitUpsideDown UIInterfaceOrientationLandscapeLeft UIInterfaceOrientationLandscapeRight";
				INFOPLIST_KEY_UISupportedInterfaceOrientations_iPhone = "UIInterfaceOrientationPortrait UIInterfaceOrientationLandscapeLeft UIInterfaceOrientationLandscapeRight";
				IPHONEOS_DEPLOYMENT_TARGET = 17.0;
				LD_RUNPATH_SEARCH_PATHS = (
					"$(inherited)",
					"@executable_path/Frameworks",
				);
				MARKETING_VERSION = 1.0;
				PRODUCT_BUNDLE_IDENTIFIER = com.proegor.media.WidgetBugSample;
				PRODUCT_NAME = "$(TARGET_NAME)";
				SWIFT_EMIT_LOC_STRINGS = YES;
				SWIFT_VERSION = 5.0;
				TARGETED_DEVICE_FAMILY = "1,2";
			};
			name = Release;
		};
		3AA840392B4D4C7C002901EC /* Debug */ = {
			isa = XCBuildConfiguration;
			buildSettings = {
				ASSETCATALOG_COMPILER_GLOBAL_ACCENT_COLOR_NAME = AccentColor;
				ASSETCATALOG_COMPILER_WIDGET_BACKGROUND_COLOR_NAME = WidgetBackground;
				CODE_SIGN_STYLE = Automatic;
				CURRENT_PROJECT_VERSION = 1;
				DEVELOPMENT_TEAM = URQ67JPBKK;
				GENERATE_INFOPLIST_FILE = YES;
				INFOPLIST_FILE = WidgetBugSampleExtension/Info.plist;
				INFOPLIST_KEY_CFBundleDisplayName = WidgetBugSampleExtension;
				INFOPLIST_KEY_NSHumanReadableCopyright = "";
				IPHONEOS_DEPLOYMENT_TARGET = 17.0;
				LD_RUNPATH_SEARCH_PATHS = (
					"$(inherited)",
					"@executable_path/Frameworks",
					"@executable_path/../../Frameworks",
				);
				MARKETING_VERSION = 1.0;
				PRODUCT_BUNDLE_IDENTIFIER = com.proegor.media.WidgetBugSample.WidgetBugSampleExtension;
				PRODUCT_NAME = "$(TARGET_NAME)";
				SKIP_INSTALL = YES;
				SWIFT_EMIT_LOC_STRINGS = YES;
				SWIFT_VERSION = 5.0;
				TARGETED_DEVICE_FAMILY = "1,2";
			};
			name = Debug;
		};
		3AA8403A2B4D4C7C002901EC /* Release */ = {
			isa = XCBuildConfiguration;
			buildSettings = {
				ASSETCATALOG_COMPILER_GLOBAL_ACCENT_COLOR_NAME = AccentColor;
				ASSETCATALOG_COMPILER_WIDGET_BACKGROUND_COLOR_NAME = WidgetBackground;
				CODE_SIGN_STYLE = Automatic;
				CURRENT_PROJECT_VERSION = 1;
				DEVELOPMENT_TEAM = URQ67JPBKK;
				GENERATE_INFOPLIST_FILE = YES;
				INFOPLIST_FILE = WidgetBugSampleExtension/Info.plist;
				INFOPLIST_KEY_CFBundleDisplayName = WidgetBugSampleExtension;
				INFOPLIST_KEY_NSHumanReadableCopyright = "";
				IPHONEOS_DEPLOYMENT_TARGET = 17.0;
				LD_RUNPATH_SEARCH_PATHS = (
					"$(inherited)",
					"@executable_path/Frameworks",
					"@executable_path/../../Frameworks",
				);
				MARKETING_VERSION = 1.0;
				PRODUCT_BUNDLE_IDENTIFIER = com.proegor.media.WidgetBugSample.WidgetBugSampleExtension;
				PRODUCT_NAME = "$(TARGET_NAME)";
				SKIP_INSTALL = YES;
				SWIFT_EMIT_LOC_STRINGS = YES;
				SWIFT_VERSION = 5.0;
				TARGETED_DEVICE_FAMILY = "1,2";
			};
			name = Release;
		};
/* End XCBuildConfiguration section */

/* Begin XCConfigurationList section */
		3AA840032B4D4BDA002901EC /* Build configuration list for PBXProject "WidgetBugSample" */ = {
			isa = XCConfigurationList;
			buildConfigurations = (
				3AA8401A2B4D4BDC002901EC /* Debug */,
				3AA8401B2B4D4BDC002901EC /* Release */,
			);
			defaultConfigurationIsVisible = 0;
			defaultConfigurationName = Release;
		};
		3AA8401C2B4D4BDC002901EC /* Build configuration list for PBXNativeTarget "WidgetBugSample" */ = {
			isa = XCConfigurationList;
			buildConfigurations = (
				3AA8401D2B4D4BDC002901EC /* Debug */,
				3AA8401E2B4D4BDC002901EC /* Release */,
			);
			defaultConfigurationIsVisible = 0;
			defaultConfigurationName = Release;
		};
		3AA840382B4D4C7C002901EC /* Build configuration list for PBXNativeTarget "WidgetBugSampleExtensionExtension" */ = {
			isa = XCConfigurationList;
			buildConfigurations = (
				3AA840392B4D4C7C002901EC /* Debug */,
				3AA8403A2B4D4C7C002901EC /* Release */,
			);
			defaultConfigurationIsVisible = 0;
			defaultConfigurationName = Release;
		};
/* End XCConfigurationList section */
	};
	rootObject = 3AA840002B4D4BDA002901EC /* Project object */;
}
